{
  "_comment": "Generated by Update-PackageLock.ps1 - exact resolved versions for -Frozen installs. Do not hand-edit; re-run the generator.",
  "generatedAt": "2026-06-17T14:34:37.9968723-07:00",
  "scoop": {
    "7zip": "26.01",
    "age": "1.3.1",
    "atuin": "18.16.1",
    "bat": "0.26.1",
    "bottom": "0.12.3",
    "btop-lhm": "1.0.5",
    "carapace-bin": "1.7.0",
    "CascadiaCode-NF": "3.4.0",
    "croc": "10.4.4",
    "curl": "8.20.0_5",
    "delta": "0.19.2",
    "doggo": "1.1.7",
    "dust": "1.2.4",
    "eza": "0.23.4",
    "fastfetch": "2.64.2",
    "fd": "10.4.2",
    "fzf": "0.73.1",
    "gh": "2.94.0",
    "glow": "2.1.2",
    "gron": "0.7.1",
    "gum": "0.14.0",
    "hexyl": "0.17.0",
    "hyperfine": "1.20.0",
    "JetBrainsMono-NF": "3.4.0",
    "jq": "1.8.1",
    "lazygit": "0.62.2",
    "mise": "2026.6.11",
    "navi": "2.24.0",
    "neovim": "0.12.3",
    "openssh": "10.0.0.0p2",
    "ouch": "0.8.0",
    "procs": "0.14.11",
    "psmux": "3.3.6",
    "python": "3.14.6",
    "ripgrep": "15.1.0",
    "sd": "1.1.0",
    "starship": "1.25.1",
    "sysinternals": "20260507",
    "television": "0.15.9",
    "tlrc": "1.13.1",
    "tokei": "12.1.2",
    "viddy": "1.3.1",
    "win32yank": "0.1.1",
    "xh": "0.25.3",
    "yazi": "26.5.6",
    "yq": "4.53.3",
    "zoxide": "0.9.9"
  },
  "winget": {
    "AgileBits.1Password": "> 8.12.24.34",
    "AgileBits.1Password.CLI": "2.34.1",
    "Git.Git": "2.54.0",
    "GNU.Wget2": "2.2.1",
    "Microsoft.PowerShell": "7.6.2.0",
    "Microsoft.VisualStudioCode": "1.124.2",
    "Microsoft.WindowsTerminal": "1.24.11321.0",
    "Microsoft.WSL": "2.7.8.0",
    "Mozilla.Firefox": "152.0",
    "Obsidian.Obsidian": "1.12.7",
    "WiresharkFoundation.Wireshark": "4.6.6"
  }
}
